PODS:
  - Flutter (1.0.0)
  - vibration (1.0.1):
    - Flutter

DEPENDENCIES:
  - Flutter (from `.symlinks/flutter/ios`)
  - vibration (from `.symlinks/plugins/vibration/ios`)

EXTERNAL SOURCES:
  Flutter:
    :path: ".symlinks/flutter/ios"
  vibration:
    :path: ".symlinks/plugins/vibration/ios"

SPEC CHECKSUMS:
  Flutter: 9d0fac939486c9aba2809b7982dfdbb47a7b0296
  vibration: 20e35d35a2c2af776fa104ebbb9e97bdb9050569

PODFILE CHECKSUM: ebd43b443038e611b86ede96e613bd6033c49497

COCOAPODS: 1.5.3
